
Microsoft Visual Studio Solution File, Format Version 12.00
# Visual Studio Version 16
VisualStudioVersion = 25.0.1705.4
MinimumVisualStudioVersion = 10.0.40219.1
Project("{FAE04EC0-301F-11D3-BF4B-00C04F79EFBC}") = "T2207A-SEM3-API", "T2207A-SEM3-API\T2207A-SEM3-API.csproj", "{4B5F86B4-054E-4A35-A25E-6A8DECF327DF}"
EndProject
Global
	GlobalSection(SolutionConfigurationPlatforms) = preSolution
		Debug|Any CPU = Debug|Any CPU
		Release|Any CPU = Release|Any CPU
	EndGlobalSection
	GlobalSection(ProjectConfigurationPlatforms) = postSolution
		{4B5F86B4-054E-4A35-A25E-6A8DECF327DF}.Debug|Any CPU.ActiveCfg = Debug|Any CPU
		{4B5F86B4-054E-4A35-A25E-6A8DECF327DF}.Debug|Any CPU.Build.0 = Debug|Any CPU
		{4B5F86B4-054E-4A35-A25E-6A8DECF327DF}.Release|Any CPU.ActiveCfg = Release|Any CPU
		{4B5F86B4-054E-4A35-A25E-6A8DECF327DF}.Release|Any CPU.Build.0 = Release|Any CPU
	EndGlobalSection
	GlobalSection(SolutionProperties) = preSolution
		HideSolutionNode = FALSE
	EndGlobalSection
	GlobalSection(ExtensibilityGlobals) = postSolution
		SolutionGuid = {E4DA82D5-33D9-4252-9E0A-79E3A28C3D6F}
	EndGlobalSection
EndGlobal
